
Microsoft Visual Studio Solution File, Format Version 12.00
# Visual Studio Version 16
VisualStudioVersion = 16.0.34031.81
MinimumVisualStudioVersion = 10.0.40219.1
Project("{2150E333-8FDC-42A3-9474-1A3956D46DE8}") = "Task0", "Task0", "{0B44EBAC-148C-4A1B-A323-D7C908D13AB7}"
EndProject
Project("{FAE04EC0-301F-11D3-BF4B-00C04F79EFBC}") = "Tyuiu.ShayahmetovRR.Sprint1.Task0.V19", "Tyuiu.ShayahmetovRR.Sprint1.Task0.V19\Tyuiu.ShayahmetovRR.Sprint1.Task0.V19.csproj", "{F46BF698-D105-4514-B664-E82A35544E58}"
EndProject
Project("{FAE04EC0-301F-11D3-BF4B-00C04F79EFBC}") = "Tyuiu.ShayahmetovRR.Sprint1.Task0.V19.Lib", "Tyuiu.ShayahmetovRR.Sprint1.Task0.V19.Lib\Tyuiu.ShayahmetovRR.Sprint1.Task0.V19.Lib.csproj", "{28543BF7-1688-47DA-AA30-626C50C059F2}"
EndProject
Project("{FAE04EC0-301F-11D3-BF4B-00C04F79EFBC}") = "Tyuiu.ShayahmetovRR.Sprint1.Task0.V19.Test", "Tyuiu.ShayahmetovRR.Sprint1.Task0.V19.Test\Tyuiu.ShayahmetovRR.Sprint1.Task0.V19.Test.csproj", "{F1439100-1767-4596-AB27-58ADDBAFD923}"
EndProject
Project("{2150E333-8FDC-42A3-9474-1A3956D46DE8}") = "Task1", "Task1", "{D2C02299-3096-4BC5-8B73-74AB33A91946}"
EndProject
Project("{FAE04EC0-301F-11D3-BF4B-00C04F79EFBC}") = "Tyuiu.ShayahmetovRR.Sprint1.Task1.V25", "Tyuiu.ShayahmetovRR.Sprint1.Task1.V25\Tyuiu.ShayahmetovRR.Sprint1.Task1.V25.csproj", "{0245CCF9-A4F3-4BFB-9FEB-472D57671B8B}"
EndProject
Project("{FAE04EC0-301F-11D3-BF4B-00C04F79EFBC}") = "Tyuiu.ShayahmetovRR.Sprint1.Task1.V25.Lib", "Tyuiu.ShayahmetovRR.Sprint1.Task1.V25.Lib\Tyuiu.ShayahmetovRR.Sprint1.Task1.V25.Lib.csproj", "{626275A3-BE00-417E-8B9B-B3D0D15F51C1}"
EndProject
Project("{FAE04EC0-301F-11D3-BF4B-00C04F79EFBC}") = "Tyuiu.ShayahmetovRR.Sprint1.Task1.V25.Test", "Tyuiu.ShayahmetovRR.Sprint1.Task1.V25.Test\Tyuiu.ShayahmetovRR.Sprint1.Task1.V25.Test.csproj", "{8A4F4E89-1534-4EBA-A0A8-33E7BC54961C}"
EndProject
Project("{2150E333-8FDC-42A3-9474-1A3956D46DE8}") = "Task2", "Task2", "{23A99F90-95E3-463F-BF76-B0D103FEA8EF}"
EndProject
Project("{FAE04EC0-301F-11D3-BF4B-00C04F79EFBC}") = "Tyuiu.ShayahmetovRR.Sprint1.Task2.V16", "Tyuiu.ShayahmetovRR.Sprint1.Task2.V16\Tyuiu.ShayahmetovRR.Sprint1.Task2.V16.csproj", "{6790B9FC-2B6C-45CC-A856-425B0BDAC51C}"
EndProject
Project("{FAE04EC0-301F-11D3-BF4B-00C04F79EFBC}") = "Tyuiu.ShayahmetovRR.Sprint1.Task2.V16.Lib", "Tyuiu.ShayahmetovRR.Sprint1.Task2.V16.Lib\Tyuiu.ShayahmetovRR.Sprint1.Task2.V16.Lib.csproj", "{725B6E2F-6830-4BE8-9A09-92E16E3731AD}"
EndProject
Project("{FAE04EC0-301F-11D3-BF4B-00C04F79EFBC}") = "Tyuiu.ShayahmetovRR.Sprint1.Task2.V16.Test", "Tyuiu.ShayahmetovRR.Sprint1.Task2.V16.Test\Tyuiu.ShayahmetovRR.Sprint1.Task2.V16.Test.csproj", "{3A3B8B09-C34D-4C47-928E-876C952A28A3}"
EndProject
Global
	GlobalSection(SolutionConfigurationPlatforms) = preSolution
		Debug|Any CPU = Debug|Any CPU
		Release|Any CPU = Release|Any CPU
	EndGlobalSection
	GlobalSection(ProjectConfigurationPlatforms) = postSolution
		{F46BF698-D105-4514-B664-E82A35544E58}.Debug|Any CPU.ActiveCfg = Debug|Any CPU
		{F46BF698-D105-4514-B664-E82A35544E58}.Debug|Any CPU.Build.0 = Debug|Any CPU
		{F46BF698-D105-4514-B664-E82A35544E58}.Release|Any CPU.ActiveCfg = Release|Any CPU
		{F46BF698-D105-4514-B664-E82A35544E58}.Release|Any CPU.Build.0 = Release|Any CPU
		{28543BF7-1688-47DA-AA30-626C50C059F2}.Debug|Any CPU.ActiveCfg = Debug|Any CPU
		{28543BF7-1688-47DA-AA30-626C50C059F2}.Debug|Any CPU.Build.0 = Debug|Any CPU
		{28543BF7-1688-47DA-AA30-626C50C059F2}.Release|Any CPU.ActiveCfg = Release|Any CPU
		{28543BF7-1688-47DA-AA30-626C50C059F2}.Release|Any CPU.Build.0 = Release|Any CPU
		{F1439100-1767-4596-AB27-58ADDBAFD923}.Debug|Any CPU.ActiveCfg = Debug|Any CPU
		{F1439100-1767-4596-AB27-58ADDBAFD923}.Debug|Any CPU.Build.0 = Debug|Any CPU
		{F1439100-1767-4596-AB27-58ADDBAFD923}.Release|Any CPU.ActiveCfg = Release|Any CPU
		{F1439100-1767-4596-AB27-58ADDBAFD923}.Release|Any CPU.Build.0 = Release|Any CPU
		{0245CCF9-A4F3-4BFB-9FEB-472D57671B8B}.Debug|Any CPU.ActiveCfg = Debug|Any CPU
		{0245CCF9-A4F3-4BFB-9FEB-472D57671B8B}.Debug|Any CPU.Build.0 = Debug|Any CPU
		{0245CCF9-A4F3-4BFB-9FEB-472D57671B8B}.Release|Any CPU.ActiveCfg = Release|Any CPU
		{0245CCF9-A4F3-4BFB-9FEB-472D57671B8B}.Release|Any CPU.Build.0 = Release|Any CPU
		{626275A3-BE00-417E-8B9B-B3D0D15F51C1}.Debug|Any CPU.ActiveCfg = Debug|Any CPU
		{626275A3-BE00-417E-8B9B-B3D0D15F51C1}.Debug|Any CPU.Build.0 = Debug|Any CPU
		{626275A3-BE00-417E-8B9B-B3D0D15F51C1}.Release|Any CPU.ActiveCfg = Release|Any CPU
		{626275A3-BE00-417E-8B9B-B3D0D15F51C1}.Release|Any CPU.Build.0 = Release|Any CPU
		{8A4F4E89-1534-4EBA-A0A8-33E7BC54961C}.Debug|Any CPU.ActiveCfg = Debug|Any CPU
		{8A4F4E89-1534-4EBA-A0A8-33E7BC54961C}.Debug|Any CPU.Build.0 = Debug|Any CPU
		{8A4F4E89-1534-4EBA-A0A8-33E7BC54961C}.Release|Any CPU.ActiveCfg = Release|Any CPU
		{8A4F4E89-1534-4EBA-A0A8-33E7BC54961C}.Release|Any CPU.Build.0 = Release|Any CPU
		{6790B9FC-2B6C-45CC-A856-425B0BDAC51C}.Debug|Any CPU.ActiveCfg = Debug|Any CPU
		{6790B9FC-2B6C-45CC-A856-425B0BDAC51C}.Debug|Any CPU.Build.0 = Debug|Any CPU
		{6790B9FC-2B6C-45CC-A856-425B0BDAC51C}.Release|Any CPU.ActiveCfg = Release|Any CPU
		{6790B9FC-2B6C-45CC-A856-425B0BDAC51C}.Release|Any CPU.Build.0 = Release|Any CPU
		{725B6E2F-6830-4BE8-9A09-92E16E3731AD}.Debug|Any CPU.ActiveCfg = Debug|Any CPU
		{725B6E2F-6830-4BE8-9A09-92E16E3731AD}.Debug|Any CPU.Build.0 = Debug|Any CPU
		{725B6E2F-6830-4BE8-9A09-92E16E3731AD}.Release|Any CPU.ActiveCfg = Release|Any CPU
		{725B6E2F-6830-4BE8-9A09-92E16E3731AD}.Release|Any CPU.Build.0 = Release|Any CPU
		{3A3B8B09-C34D-4C47-928E-876C952A28A3}.Debug|Any CPU.ActiveCfg = Debug|Any CPU
		{3A3B8B09-C34D-4C47-928E-876C952A28A3}.Debug|Any CPU.Build.0 = Debug|Any CPU
		{3A3B8B09-C34D-4C47-928E-876C952A28A3}.Release|Any CPU.ActiveCfg = Release|Any CPU
		{3A3B8B09-C34D-4C47-928E-876C952A28A3}.Release|Any CPU.Build.0 = Release|Any CPU
	EndGlobalSection
	GlobalSection(SolutionProperties) = preSolution
		HideSolutionNode = FALSE
	EndGlobalSection
	GlobalSection(NestedProjects) = preSolution
		{F46BF698-D105-4514-B664-E82A35544E58} = {0B44EBAC-148C-4A1B-A323-D7C908D13AB7}
		{28543BF7-1688-47DA-AA30-626C50C059F2} = {0B44EBAC-148C-4A1B-A323-D7C908D13AB7}
		{F1439100-1767-4596-AB27-58ADDBAFD923} = {0B44EBAC-148C-4A1B-A323-D7C908D13AB7}
		{0245CCF9-A4F3-4BFB-9FEB-472D57671B8B} = {D2C02299-3096-4BC5-8B73-74AB33A91946}
		{626275A3-BE00-417E-8B9B-B3D0D15F51C1} = {D2C02299-3096-4BC5-8B73-74AB33A91946}
		{8A4F4E89-1534-4EBA-A0A8-33E7BC54961C} = {D2C02299-3096-4BC5-8B73-74AB33A91946}
		{6790B9FC-2B6C-45CC-A856-425B0BDAC51C} = {23A99F90-95E3-463F-BF76-B0D103FEA8EF}
		{725B6E2F-6830-4BE8-9A09-92E16E3731AD} = {23A99F90-95E3-463F-BF76-B0D103FEA8EF}
		{3A3B8B09-C34D-4C47-928E-876C952A28A3} = {23A99F90-95E3-463F-BF76-B0D103FEA8EF}
	EndGlobalSection
	GlobalSection(ExtensibilityGlobals) = postSolution
		SolutionGuid = {4239EC77-6B1B-4B21-8B4A-C043F9FBE506}
	EndGlobalSection
EndGlobal
